
Microsoft Visual Studio Solution File, Format Version 12.00
# Visual Studio 2013
Project("{FAE04EC0-301F-11D3-BF4B-00C04F79EFBC}") = "Village.CSharp", "Village.CSharp.csproj", "{BF1EADC5-041F-A59E-B95C-D3FC0E41D6B3}"
EndProject
Project("{FAE04EC0-301F-11D3-BF4B-00C04F79EFBC}") = "Village.CSharp.Editor", "Village.CSharp.Editor.csproj", "{36F3DB11-1164-DE21-17C5-990F8041BD3C}"
EndProject
Global
	GlobalSection(SolutionConfigurationPlatforms) = preSolution
		Debug|Any CPU = Debug|Any CPU
		Release|Any CPU = Release|Any CPU
	EndGlobalSection
	GlobalSection(ProjectConfigurationPlatforms) = postSolution
		{BF1EADC5-041F-A59E-B95C-D3FC0E41D6B3}.Debug|Any CPU.ActiveCfg = Debug|Any CPU
		{BF1EADC5-041F-A59E-B95C-D3FC0E41D6B3}.Debug|Any CPU.Build.0 = Debug|Any CPU
		{BF1EADC5-041F-A59E-B95C-D3FC0E41D6B3}.Release|Any CPU.ActiveCfg = Release|Any CPU
		{BF1EADC5-041F-A59E-B95C-D3FC0E41D6B3}.Release|Any CPU.Build.0 = Release|Any CPU
		{36F3DB11-1164-DE21-17C5-990F8041BD3C}.Debug|Any CPU.ActiveCfg = Debug|Any CPU
		{36F3DB11-1164-DE21-17C5-990F8041BD3C}.Debug|Any CPU.Build.0 = Debug|Any CPU
		{36F3DB11-1164-DE21-17C5-990F8041BD3C}.Release|Any CPU.ActiveCfg = Release|Any CPU
		{36F3DB11-1164-DE21-17C5-990F8041BD3C}.Release|Any CPU.Build.0 = Release|Any CPU
	EndGlobalSection
	GlobalSection(SolutionProperties) = preSolution
		HideSolutionNode = FALSE
	EndGlobalSection
EndGlobal
